
Microsoft Visual Studio Solution File, Format Version 12.00
# Visual Studio 14
VisualStudioVersion = 14.0.25420.1
MinimumVisualStudioVersion = 10.0.40219.1
Project("{FAE04EC0-301F-11D3-BF4B-00C04F79EFBC}") = "Task_1_TextEditor", "Task_1_TextEditor\Task_1_TextEditor.csproj", "{67B30AE2-6ADD-444B-9807-FACC803C4C14}"
EndProject
Project("{FAE04EC0-301F-11D3-BF4B-00C04F79EFBC}") = "Task_2_Explorer", "Task_2_Explorer\Task_2_Explorer.csproj", "{8252A0FA-0612-428E-B705-2FC4AB14E312}"
EndProject
Global
	GlobalSection(SolutionConfigurationPlatforms) = preSolution
		Debug|Any CPU = Debug|Any CPU
		Release|Any CPU = Release|Any CPU
	EndGlobalSection
	GlobalSection(ProjectConfigurationPlatforms) = postSolution
		{67B30AE2-6ADD-444B-9807-FACC803C4C14}.Debug|Any CPU.ActiveCfg = Debug|Any CPU
		{67B30AE2-6ADD-444B-9807-FACC803C4C14}.Debug|Any CPU.Build.0 = Debug|Any CPU
		{67B30AE2-6ADD-444B-9807-FACC803C4C14}.Release|Any CPU.ActiveCfg = Release|Any CPU
		{67B30AE2-6ADD-444B-9807-FACC803C4C14}.Release|Any CPU.Build.0 = Release|Any CPU
		{8252A0FA-0612-428E-B705-2FC4AB14E312}.Debug|Any CPU.ActiveCfg = Debug|Any CPU
		{8252A0FA-0612-428E-B705-2FC4AB14E312}.Debug|Any CPU.Build.0 = Debug|Any CPU
		{8252A0FA-0612-428E-B705-2FC4AB14E312}.Release|Any CPU.ActiveCfg = Release|Any CPU
		{8252A0FA-0612-428E-B705-2FC4AB14E312}.Release|Any CPU.Build.0 = Release|Any CPU
	EndGlobalSection
	GlobalSection(SolutionProperties) = preSolution
		HideSolutionNode = FALSE
	EndGlobalSection
EndGlobal
